
Microsoft Visual Studio Solution File, Format Version 12.00
# Visual Studio 14
VisualStudioVersion = 14.0.25420.1
MinimumVisualStudioVersion = 10.0.40219.1
Project("{FAE04EC0-301F-11D3-BF4B-00C04F79EFBC}") = "WeatherStationsSimulator", "WeatherStationsSimulator\WeatherStationsSimulator.csproj", "{9F8B21B9-3B9A-46B2-8BEF-0BEFF974CE89}"
EndProject
Project("{FAE04EC0-301F-11D3-BF4B-00C04F79EFBC}") = "WeatherStationsSimulator.Models", "WeatherStationsSimulator.Models\WeatherStationsSimulator.Models.csproj", "{6714675D-6B29-4556-932B-C79D0055AC91}"
EndProject
Global
	GlobalSection(SolutionConfigurationPlatforms) = preSolution
		Debug|Any CPU = Debug|Any CPU
		Release|Any CPU = Release|Any CPU
	EndGlobalSection
	GlobalSection(ProjectConfigurationPlatforms) = postSolution
		{9F8B21B9-3B9A-46B2-8BEF-0BEFF974CE89}.Debug|Any CPU.ActiveCfg = Debug|Any CPU
		{9F8B21B9-3B9A-46B2-8BEF-0BEFF974CE89}.Debug|Any CPU.Build.0 = Debug|Any CPU
		{9F8B21B9-3B9A-46B2-8BEF-0BEFF974CE89}.Release|Any CPU.ActiveCfg = Release|Any CPU
		{9F8B21B9-3B9A-46B2-8BEF-0BEFF974CE89}.Release|Any CPU.Build.0 = Release|Any CPU
		{6714675D-6B29-4556-932B-C79D0055AC91}.Debug|Any CPU.ActiveCfg = Debug|Any CPU
		{6714675D-6B29-4556-932B-C79D0055AC91}.Debug|Any CPU.Build.0 = Debug|Any CPU
		{6714675D-6B29-4556-932B-C79D0055AC91}.Release|Any CPU.ActiveCfg = Release|Any CPU
		{6714675D-6B29-4556-932B-C79D0055AC91}.Release|Any CPU.Build.0 = Release|Any CPU
	EndGlobalSection
	GlobalSection(SolutionProperties) = preSolution
		HideSolutionNode = FALSE
	EndGlobalSection
EndGlobal
